{
  "name": "weebg",
  "version": "1.4.7",
  "lockfileVersion": 1,
  "requires": true,
  "dependencies": {
    "pify": {
      "version": "2.3.0",
      "resolved": "https://registry.npmjs.org/pify/-/pify-2.3.0.tgz",
      "integrity": "sha1-7RQaasBDqEnqWISY59yosVMw6Qw="
    },
    "wallpaper": {
      "version": "2.5.0",
      "resolved": "https://registry.npmjs.org/wallpaper/-/wallpaper-2.5.0.tgz",
      "integrity": "sha1-I/NXXVMXV+SjQkAEO7GxA0XeVjo=",
      "requires": {
        "pify": "2.3.0"
      }
    }
  }
}
